
Microsoft Visual Studio Solution File, Format Version 12.00
# Visual Studio 14
VisualStudioVersion = 14.0.22129.1
MinimumVisualStudioVersion = 10.0.40219.1
Project("{FAE04EC0-301F-11D3-BF4B-00C04F79EFBC}") = "Trello4TargetProcess", "Trello4TargetProcess\Trello4TargetProcess.csproj", "{1468ECA7-C0EC-46F8-87FD-D87481CB310F}"
EndProject
Project("{FAE04EC0-301F-11D3-BF4B-00C04F79EFBC}") = "TrelloNetx", "TrelloNet\TrelloNetx.csproj", "{1C634CD3-1666-4133-B1D7-1BFA4A840A56}"
EndProject
Global
	GlobalSection(SolutionConfigurationPlatforms) = preSolution
		Debug|Any CPU = Debug|Any CPU
		Release|Any CPU = Release|Any CPU
	EndGlobalSection
	GlobalSection(ProjectConfigurationPlatforms) = postSolution
		{1468ECA7-C0EC-46F8-87FD-D87481CB310F}.Debug|Any CPU.ActiveCfg = Debug|Any CPU
		{1468ECA7-C0EC-46F8-87FD-D87481CB310F}.Debug|Any CPU.Build.0 = Debug|Any CPU
		{1468ECA7-C0EC-46F8-87FD-D87481CB310F}.Release|Any CPU.ActiveCfg = Release|Any CPU
		{1468ECA7-C0EC-46F8-87FD-D87481CB310F}.Release|Any CPU.Build.0 = Release|Any CPU
		{1C634CD3-1666-4133-B1D7-1BFA4A840A56}.Debug|Any CPU.ActiveCfg = Debug|Any CPU
		{1C634CD3-1666-4133-B1D7-1BFA4A840A56}.Debug|Any CPU.Build.0 = Debug|Any CPU
		{1C634CD3-1666-4133-B1D7-1BFA4A840A56}.Release|Any CPU.ActiveCfg = Release|Any CPU
		{1C634CD3-1666-4133-B1D7-1BFA4A840A56}.Release|Any CPU.Build.0 = Release|Any CPU
	EndGlobalSection
	GlobalSection(SolutionProperties) = preSolution
		HideSolutionNode = FALSE
	EndGlobalSection
EndGlobal
